
Microsoft Visual Studio Solution File, Format Version 12.00
# Visual Studio Version 17
VisualStudioVersion = 17.4.33213.308
MinimumVisualStudioVersion = 10.0.40219.1
Project("{FAE04EC0-301F-11D3-BF4B-00C04F79EFBC}") = "Planner.UI", "Planner.UI\Planner.UI.csproj", "{7FB98891-4976-4AA3-ABD1-563FD551906A}"
EndProject
Project("{FAE04EC0-301F-11D3-BF4B-00C04F79EFBC}") = "Planner.Logic", "Planner.Logic\Planner.Logic.csproj", "{D1358E0B-DADC-4A52-94CA-1C2C12A81603}"
EndProject
Project("{FAE04EC0-301F-11D3-BF4B-00C04F79EFBC}") = "Planner.Data", "Planner.Data\Planner.Data.csproj", "{DC4ECDE5-30C1-4B83-82B6-6BA9F994C90A}"
EndProject
Global
	GlobalSection(SolutionConfigurationPlatforms) = preSolution
		Debug|Any CPU = Debug|Any CPU
		Release|Any CPU = Release|Any CPU
	EndGlobalSection
	GlobalSection(ProjectConfigurationPlatforms) = postSolution
		{7FB98891-4976-4AA3-ABD1-563FD551906A}.Debug|Any CPU.ActiveCfg = Debug|Any CPU
		{7FB98891-4976-4AA3-ABD1-563FD551906A}.Debug|Any CPU.Build.0 = Debug|Any CPU
		{7FB98891-4976-4AA3-ABD1-563FD551906A}.Release|Any CPU.ActiveCfg = Release|Any CPU
		{7FB98891-4976-4AA3-ABD1-563FD551906A}.Release|Any CPU.Build.0 = Release|Any CPU
		{D1358E0B-DADC-4A52-94CA-1C2C12A81603}.Debug|Any CPU.ActiveCfg = Debug|Any CPU
		{D1358E0B-DADC-4A52-94CA-1C2C12A81603}.Debug|Any CPU.Build.0 = Debug|Any CPU
		{D1358E0B-DADC-4A52-94CA-1C2C12A81603}.Release|Any CPU.ActiveCfg = Release|Any CPU
		{D1358E0B-DADC-4A52-94CA-1C2C12A81603}.Release|Any CPU.Build.0 = Release|Any CPU
		{DC4ECDE5-30C1-4B83-82B6-6BA9F994C90A}.Debug|Any CPU.ActiveCfg = Debug|Any CPU
		{DC4ECDE5-30C1-4B83-82B6-6BA9F994C90A}.Debug|Any CPU.Build.0 = Debug|Any CPU
		{DC4ECDE5-30C1-4B83-82B6-6BA9F994C90A}.Release|Any CPU.ActiveCfg = Release|Any CPU
		{DC4ECDE5-30C1-4B83-82B6-6BA9F994C90A}.Release|Any CPU.Build.0 = Release|Any CPU
	EndGlobalSection
	GlobalSection(SolutionProperties) = preSolution
		HideSolutionNode = FALSE
	EndGlobalSection
	GlobalSection(ExtensibilityGlobals) = postSolution
		SolutionGuid = {4E3F953F-4958-4FC8-A71B-B5ECA736588D}
	EndGlobalSection
EndGlobal
